dependencies:
  espressif/arduino-foc:
    component_hash: 043f369595cdbb18e6f1745d279ae23d9ee87e211c4da4a9ffcd721176ac827b
    source:
      service_url: https://api.components.espressif.com/
      type: service
    version: 2.3.0~3
  espressif/cmake_utilities:
    component_hash: 351350613ceafba240b761b4ea991e0f231ac7a9f59a9ee901f751bddc0bb18f
    source:
      service_url: https://api.components.espressif.com/
      type: service
    version: 0.5.3
  espressif/esp_simplefoc:
    component_hash: 7fc4bca20372c67855c2203ee58b2ef88b1c5a95e59b4a5036c5faa93cba8c13
    source:
      service_url: https://api.components.espressif.com/
      type: service
    version: 1.2.1
  espressif/i2c_bus:
    component_hash: e3dddc78baa172f4768f3973fbecbd6c6c1f2cb23cc6a36cf3132758be092482
    source:
      service_url: https://api.components.espressif.com/
      type: service
    version: 1.4.0
  espressif/iqmath:
    component_hash: 407d5bc3fd358a73d2b09982918ab508b4e804cc547942c5979d226be86b7e75
    source:
      service_url: https://api.components.espressif.com/
      type: service
    version: 1.11.0
  idf:
    component_hash: null
    source:
      type: idf
    version: 5.4.0
manifest_hash: 9e491bba978da17bc63ac9d8101232748fd3524621bc81fbe736feff47c84cd8
target: esp32s3
version: 1.0.0
